<?xml version="1.0" encoding="UTF-8" standalone="yes" ?>
<CodeBlocks_project_file>
	<FileVersion major="1" minor="6" />
	<Project>
		<Option title="Car Shooter" />
		<Option pch_mode="2" />
		<Option compiler="gcc" />
		<Build>
			<Target title="Debug">
				<Option output="bin/Debug/DinoSurfers" prefix_auto="1" extension_auto="1" />
				<Option object_output="obj/Debug/" />
				<Option type="1" />
				<Option compiler="gcc" />
				<Compiler>
					<Add option="-g" />
					<Add directory="include" />
				</Compiler>
				<Linker>
					<Add library="sfml-graphics-d" />
					<Add library="sfml-window-d" />
					<Add library="sfml-system-d" />
				</Linker>
			</Target>
			<Target title="Release">
				<Option output="bin/Release/DinoSurfers" prefix_auto="1" extension_auto="1" />
				<Option object_output="obj/Release/" />
				<Option type="1" />
				<Option compiler="gcc" />
				<Compiler>
					<Add option="-O2" />
					<Add directory="include" />
				</Compiler>
				<Linker>
					<Add option="-s" />
					<Add library="sfml-graphics" />
					<Add library="sfml-window" />
					<Add library="sfml-system" />
				</Linker>
			</Target>
		</Build>
		<Compiler>
			<Add option="-Wall" />
			<Add directory="SFML-2.5.1/include" />
		</Compiler>
		<Linker>
			<Add directory="SFML-2.5.1/lib" />
		</Linker>
		<Unit filename="BuildingMap.cpp" />
		<Unit filename="BuildingMap.h" />
		<Unit filename="Enemies.cpp" />
		<Unit filename="Enemies.h" />
		<Unit filename="FileManager.cpp" />
		<Unit filename="FileManager.h" />
		<Unit filename="GameFunctions.cpp" />
		<Unit filename="Gun.h" />
		<Unit filename="Health.cpp" />
		<Unit filename="Health.h" />
		<Unit filename="HighScoreDisplayLoop.cpp" />
		<Unit filename="HighScoreLoop.cpp" />
		<Unit filename="MainGameFunctions.h" />
		<Unit filename="MainMenuLoop.cpp" />
		<Unit filename="Player.cpp" />
		<Unit filename="Player.h" />
		<Unit filename="TexturedSprite.cpp" />
		<Unit filename="TexturedSprite.h" />
		<Unit filename="gameLoop.cpp" />
		<Unit filename="icon.ico" />
		<Unit filename="include/_Player" />
		<Unit filename="main.cpp" />
		<Unit filename="resources.rc">
			<Option compilerVar="WINDRES" />
		</Unit>
		<Unit filename="src/_Player" />
		<Extensions />
	</Project>
</CodeBlocks_project_file>
